
Microsoft Visual Studio Solution File, Format Version 12.00
# Visual Studio 2012
Project("{FAE04EC0-301F-11D3-BF4B-00C04F79EFBC}") = "Start.Database", "Start.Database\Start.Database.csproj", "{B201C5AE-7632-4009-8028-B822F264AC23}"
EndProject
Project("{FAE04EC0-301F-11D3-BF4B-00C04F79EFBC}") = "Start.IDatabase", "Start.IDatabase\Start.IDatabase.csproj", "{5E4AF806-4FBF-41CC-9670-F2BFBF028778}"
EndProject
Project("{FAE04EC0-301F-11D3-BF4B-00C04F79EFBC}") = "Start.Entity", "Start.Entity\Start.Entity.csproj", "{3EA6E50D-B8BE-478C-8E7B-94E7D3DEFCAA}"
EndProject
Global
	GlobalSection(SolutionConfigurationPlatforms) = preSolution
		Debug|Any CPU = Debug|Any CPU
		Release|Any CPU = Release|Any CPU
	EndGlobalSection
	GlobalSection(ProjectConfigurationPlatforms) = postSolution
		{B201C5AE-7632-4009-8028-B822F264AC23}.Debug|Any CPU.ActiveCfg = Debug|Any CPU
		{B201C5AE-7632-4009-8028-B822F264AC23}.Debug|Any CPU.Build.0 = Debug|Any CPU
		{B201C5AE-7632-4009-8028-B822F264AC23}.Release|Any CPU.ActiveCfg = Release|Any CPU
		{B201C5AE-7632-4009-8028-B822F264AC23}.Release|Any CPU.Build.0 = Release|Any CPU
		{5E4AF806-4FBF-41CC-9670-F2BFBF028778}.Debug|Any CPU.ActiveCfg = Debug|Any CPU
		{5E4AF806-4FBF-41CC-9670-F2BFBF028778}.Debug|Any CPU.Build.0 = Debug|Any CPU
		{5E4AF806-4FBF-41CC-9670-F2BFBF028778}.Release|Any CPU.ActiveCfg = Release|Any CPU
		{5E4AF806-4FBF-41CC-9670-F2BFBF028778}.Release|Any CPU.Build.0 = Release|Any CPU
		{3EA6E50D-B8BE-478C-8E7B-94E7D3DEFCAA}.Debug|Any CPU.ActiveCfg = Debug|Any CPU
		{3EA6E50D-B8BE-478C-8E7B-94E7D3DEFCAA}.Debug|Any CPU.Build.0 = Debug|Any CPU
		{3EA6E50D-B8BE-478C-8E7B-94E7D3DEFCAA}.Release|Any CPU.ActiveCfg = Release|Any CPU
		{3EA6E50D-B8BE-478C-8E7B-94E7D3DEFCAA}.Release|Any CPU.Build.0 = Release|Any CPU
	EndGlobalSection
	GlobalSection(SolutionProperties) = preSolution
		HideSolutionNode = FALSE
	EndGlobalSection
EndGlobal
